
Microsoft Visual Studio Solution File, Format Version 12.00
# Visual Studio 2013
VisualStudioVersion = 12.0.31101.0
MinimumVisualStudioVersion = 10.0.40219.1
Project("{FAE04EC0-301F-11D3-BF4B-00C04F79EFBC}") = "SuperSnakeCore", "SuperSnakeCore\SuperSnakeCore.csproj", "{2ED974FF-E3C5-4D35-B8BD-26F85B79D5A6}"
EndProject
Global
	GlobalSection(SolutionConfigurationPlatforms) = preSolution
		Debug|Any CPU = Debug|Any CPU
		Release|Any CPU = Release|Any CPU
	EndGlobalSection
	GlobalSection(ProjectConfigurationPlatforms) = postSolution
		{2ED974FF-E3C5-4D35-B8BD-26F85B79D5A6}.Debug|Any CPU.ActiveCfg = Debug|Any CPU
		{2ED974FF-E3C5-4D35-B8BD-26F85B79D5A6}.Debug|Any CPU.Build.0 = Debug|Any CPU
		{2ED974FF-E3C5-4D35-B8BD-26F85B79D5A6}.Release|Any CPU.ActiveCfg = Release|Any CPU
		{2ED974FF-E3C5-4D35-B8BD-26F85B79D5A6}.Release|Any CPU.Build.0 = Release|Any CPU
	EndGlobalSection
	GlobalSection(SolutionProperties) = preSolution
		HideSolutionNode = FALSE
	EndGlobalSection
EndGlobal
